
Microsoft Visual Studio Solution File, Format Version 12.00
# Visual Studio Version 16
VisualStudioVersion = 16.0.29306.81
MinimumVisualStudioVersion = 10.0.40219.1
Project("{FAE04EC0-301F-11D3-BF4B-00C04F79EFBC}") = "Door Code Converter", "Door Code Converter.csproj", "{17E9408C-4926-4E2B-8DFE-05FADB51C4ED}"
EndProject
Global
	GlobalSection(SolutionConfigurationPlatforms) = preSolution
		Debug|Any CPU = Debug|Any CPU
		Release|Any CPU = Release|Any CPU
	EndGlobalSection
	GlobalSection(ProjectConfigurationPlatforms) = postSolution
		{17E9408C-4926-4E2B-8DFE-05FADB51C4ED}.Debug|Any CPU.ActiveCfg = Debug|Any CPU
		{17E9408C-4926-4E2B-8DFE-05FADB51C4ED}.Debug|Any CPU.Build.0 = Debug|Any CPU
		{17E9408C-4926-4E2B-8DFE-05FADB51C4ED}.Release|Any CPU.ActiveCfg = Release|Any CPU
		{17E9408C-4926-4E2B-8DFE-05FADB51C4ED}.Release|Any CPU.Build.0 = Release|Any CPU
	EndGlobalSection
	GlobalSection(SolutionProperties) = preSolution
		HideSolutionNode = FALSE
	EndGlobalSection
	GlobalSection(ExtensibilityGlobals) = postSolution
		SolutionGuid = {5CE3EF08-05C7-4600-A546-E58ADFBB1D26}
	EndGlobalSection
EndGlobal
